
Microsoft Visual Studio Solution File, Format Version 12.00
# Visual Studio Version 17
VisualStudioVersion = 17.14.36401.2 d17.14
MinimumVisualStudioVersion = 10.0.40219.1
Project("{FAE04EC0-301F-11D3-BF4B-00C04F79EFBC}") = "send-email", "send-email.csproj", "{D120A0C8-111E-41C7-8B4E-2FE6CC974B12}"
EndProject
Global
	GlobalSection(SolutionConfigurationPlatforms) = preSolution
		Debug|Any CPU = Debug|Any CPU
		Release|Any CPU = Release|Any CPU
	EndGlobalSection
	GlobalSection(ProjectConfigurationPlatforms) = postSolution
		{D120A0C8-111E-41C7-8B4E-2FE6CC974B12}.Debug|Any CPU.ActiveCfg = Debug|Any CPU
		{D120A0C8-111E-41C7-8B4E-2FE6CC974B12}.Debug|Any CPU.Build.0 = Debug|Any CPU
		{D120A0C8-111E-41C7-8B4E-2FE6CC974B12}.Release|Any CPU.ActiveCfg = Release|Any CPU
		{D120A0C8-111E-41C7-8B4E-2FE6CC974B12}.Release|Any CPU.Build.0 = Release|Any CPU
	EndGlobalSection
	GlobalSection(SolutionProperties) = preSolution
		HideSolutionNode = FALSE
	EndGlobalSection
	GlobalSection(ExtensibilityGlobals) = postSolution
		SolutionGuid = {D838D76C-AF38-4C62-917B-2FCCA2FDE0A0}
	EndGlobalSection
EndGlobal
